<?xml version="1.0" encoding="UTF-8"?>
<CONFIG>
  <ProjectOptions>
    <Version Value="10"/>
    <PathDelim Value="\"/>
    <General>
      <Flags>
        <MainUnitHasCreateFormStatements Value="False"/>
        <MainUnitHasTitleStatement Value="False"/>
      </Flags>
      <SessionStorage Value="InProjectDir"/>
      <MainUnit Value="0"/>
      <Title Value="prj_TestFCLTCPServer"/>
      <ResourceType Value="res"/>
      <UseXPManifest Value="True"/>
    </General>
    <i18n>
      <EnableI18N LFM="False"/>
    </i18n>
    <BuildModes Count="1">
      <Item1 Name="Default" Default="True"/>
    </BuildModes>
    <PublishOptions>
      <Version Value="2"/>
    </PublishOptions>
    <RunParams>
      <local>
        <FormatVersion Value="1"/>
      </local>
    </RunParams>
    <RequiredPackages Count="2">
      <Item1>
        <PackageName Value="LCL"/>
      </Item1>
      <Item2>
        <PackageName Value="FCL"/>
      </Item2>
    </RequiredPackages>
    <Units Count="2">
      <Unit0>
        <Filename Value="prj_TestFCLTCPServer.lpr"/>
        <IsPartOfProject Value="True"/>
      </Unit0>
      <Unit1>
        <Filename Value="..\Source\TestTCPserver\unt_testtcpserver.pas"/>
        <IsPartOfProject Value="True"/>
        <UnitName Value="unt_TestTCPserver"/>
      </Unit1>
    </Units>
  </ProjectOptions>
  <CompilerOptions>
    <Version Value="11"/>
    <PathDelim Value="\"/>
    <Target>
      <Filename Value="..\..\bin\$(TargetCPU)-$(TargetOS)\$NameOnly($Project(Infofile))"/>
    </Target>
    <SearchPaths>
      <IncludeFiles Value="$(ProjOutDir);..\..\include"/>
      <OtherUnitFiles Value="..\Source;..\Source\TestTCPserver;$Path($(CompPath))\..\..\source\packages\fcl-async\src;$Path($(CompPath))\..\..\source\packages\fcl-async\$(TargetOS)"/>
      <UnitOutputDirectory Value="..\..\bin\$(TargetCPU)-$(TargetOS)\units"/>
    </SearchPaths>
    <Parsing>
      <SyntaxOptions>
        <AllowLabel Value="False"/>
      </SyntaxOptions>
    </Parsing>
    <CodeGeneration>
      <SmartLinkUnit Value="True"/>
    </CodeGeneration>
    <Linking>
      <LinkSmart Value="True"/>
      <Options>
        <Win32>
          <GraphicApplication Value="True"/>
        </Win32>
      </Options>
    </Linking>
  </CompilerOptions>
  <Debugging>
    <Exceptions Count="3">
      <Item1>
        <Name Value="EAbort"/>
      </Item1>
      <Item2>
        <Name Value="ECodetoolError"/>
      </Item2>
      <Item3>
        <Name Value="EFOpenError"/>
      </Item3>
    </Exceptions>
  </Debugging>
</CONFIG>
