<?xml version="1.0" encoding="UTF-8"?>
<CONFIG>
  <ProjectOptions>
    <Version Value="10"/>
    <General>
      <Flags>
        <MainUnitHasCreateFormStatements Value="False"/>
        <MainUnitHasTitleStatement Value="False"/>
      </Flags>
      <MainUnit Value="0"/>
      <Title Value="zorba_simple"/>
      <UseXPManifest Value="True"/>
    </General>
    <VersionInfo>
      <Language Value=""/>
      <CharSet Value=""/>
      <StringTable ProductVersion=""/>
    </VersionInfo>
    <BuildModes Count="1">
      <Item1 Name="default" Default="True"/>
    </BuildModes>
    <PublishOptions>
      <Version Value="2"/>
      <IgnoreBinaries Value="False"/>
      <IncludeFileFilter Value="*.(pas|pp|inc|lfm|lpr|lrs|lpi|lpk|sh|xml)"/>
      <ExcludeFileFilter Value="*.(bak|ppu|ppw|o|so);*~;backup"/>
    </PublishOptions>
    <RunParams>
      <local>
        <FormatVersion Value="1"/>
        <LaunchingApplication PathPlusParams="/usr/X11R6/bin/xterm -T 'Lazarus Run Output' -e $(LazarusDir)/tools/runwait.sh $(TargetCmdLine)"/>
      </local>
    </RunParams>
    <RequiredPackages Count="1">
      <Item1>
        <PackageName Value="FCL"/>
      </Item1>
    </RequiredPackages>
    <Units Count="9">
      <Unit0>
        <Filename Value="zorba_simple.lpr"/>
        <IsPartOfProject Value="True"/>
        <EditorIndex Value="1"/>
        <CursorPos X="5" Y="10"/>
        <UsageCount Value="20"/>
        <Loaded Value="True"/>
        <LoadedDesigner Value="True"/>
      </Unit0>
      <Unit1>
        <Filename Value="../../../../lazarus/fpc/3.0.4/source/packages/zorba/src/zorba.pas"/>
        <IsPartOfProject Value="True"/>
        <CursorPos X="6" Y="3"/>
        <UsageCount Value="20"/>
        <Loaded Value="True"/>
      </Unit1>
      <Unit2>
        <Filename Value="../../../../lazarus/fpc/3.0.4/source/packages/zorba/src/zorba.inc"/>
        <IsVisibleTab Value="True"/>
        <EditorIndex Value="4"/>
        <CursorPos X="77" Y="24"/>
        <UsageCount Value="10"/>
        <Loaded Value="True"/>
      </Unit2>
      <Unit3>
        <Filename Value="../../../../lazarus/fpc/3.0.4/zorba/zorba/include/simplestore/simplestorec.h"/>
        <CursorPos Y="25"/>
        <UsageCount Value="10"/>
        <DefaultSyntaxHighlighter Value="C++"/>
      </Unit3>
      <Unit4>
        <Filename Value="../../../../lazarus/fpc/3.0.4/source/packages/zorba/src/zorba_error.inc"/>
        <CursorPos X="5" Y="28"/>
        <UsageCount Value="10"/>
      </Unit4>
      <Unit5>
        <Filename Value="../../../../lazarus/fpc/3.0.4/zorba/zorba/include/zorba/zorbac.h"/>
        <EditorIndex Value="-1"/>
        <TopLine Value="262"/>
        <CursorPos X="17" Y="262"/>
        <UsageCount Value="10"/>
        <LoadedDesigner Value="True"/>
        <DefaultSyntaxHighlighter Value="C++"/>
      </Unit5>
      <Unit6>
        <Filename Value="../../../../lazarus/fpc/3.0.4/source/packages/zorba/src/zorba_options.inc"/>
        <EditorIndex Value="5"/>
        <TopLine Value="82"/>
        <CursorPos X="3" Y="104"/>
        <UsageCount Value="10"/>
        <Loaded Value="True"/>
      </Unit6>
      <Unit7>
        <Filename Value="../../../../lazarus/fpc/3.0.4/source/rtl/inc/strings.pp"/>
        <EditorIndex Value="2"/>
        <UsageCount Value="10"/>
        <Loaded Value="True"/>
      </Unit7>
      <Unit8>
        <Filename Value="../../../../lazarus/fpc/3.0.4/source/rtl/inc/systemh.inc"/>
        <EditorIndex Value="3"/>
        <TopLine Value="491"/>
        <CursorPos X="11" Y="513"/>
        <UsageCount Value="10"/>
        <Loaded Value="True"/>
      </Unit8>
    </Units>
    <JumpHistory Count="3" HistoryIndex="2">
      <Position1>
        <Filename Value="zorba_simple.lpr"/>
        <Caret Line="44" Column="113"/>
      </Position1>
      <Position2>
        <Filename Value="zorba_simple.lpr"/>
        <Caret Line="10" Column="5"/>
      </Position2>
      <Position3>
        <Filename Value="../../../../lazarus/fpc/3.0.4/source/packages/zorba/src/zorba.pas"/>
        <Caret Line="3" Column="6"/>
      </Position3>
    </JumpHistory>
  </ProjectOptions>
  <CompilerOptions>
    <Version Value="11"/>
    <Target>
      <Filename Value="../../bin/$(TargetCPU)-$(TargetOS)/zorba_simple"/>
    </Target>
    <SearchPaths>
      <IncludeFiles Value="$(ProjOutDir)"/>
      <OtherUnitFiles Value="C:/lazarus/fpc/3.0.4/source/packages/zorba/src/"/>
      <UnitOutputDirectory Value="../../bin/$(TargetCPU)-$(TargetOS)/units"/>
    </SearchPaths>
    <Parsing>
      <SyntaxOptions>
        <UseAnsiStrings Value="False"/>
      </SyntaxOptions>
    </Parsing>
  </CompilerOptions>
  <Debugging>
    <Exceptions Count="3">
      <Item1>
        <Name Value="EAbort"/>
      </Item1>
      <Item2>
        <Name Value="ECodetoolError"/>
      </Item2>
      <Item3>
        <Name Value="EFOpenError"/>
      </Item3>
    </Exceptions>
  </Debugging>
</CONFIG>
