<?xml version="1.0" encoding="UTF-8"?>
<CONFIG>
  <ProjectOptions>
    <Version Value="11"/>
    <PathDelim Value="\"/>
    <General>
      <SessionStorage Value="InProjectDir"/>
      <MainUnit Value="0"/>
      <Title Value="prj_DS2SQL"/>
      <ResourceType Value="res"/>
      <UseXPManifest Value="True"/>
      <XPManifest>
        <DpiAware Value="True"/>
      </XPManifest>
      <Icon Value="0"/>
    </General>
    <i18n>
      <EnableI18N LFM="False"/>
    </i18n>
    <BuildModes Count="3">
      <Item1 Name="Default" Default="True"/>
      <Item2 Name="Debug">
        <CompilerOptions>
          <Version Value="11"/>
          <PathDelim Value="\"/>
          <Target>
            <Filename Value="..\..\bin\$(TargetCPU)-$(TargetOS)\$nameonly($Project(infofile))"/>
          </Target>
          <SearchPaths>
            <IncludeFiles Value="$(ProjOutDir);..\..\include"/>
            <OtherUnitFiles Value="..\Source;..\Source\DS2SQL;..\..\Components\Source\MySQLLib6"/>
            <UnitOutputDirectory Value="..\..\bin\$(TargetCPU)-$(TargetOS)\units"/>
          </SearchPaths>
          <Parsing>
            <SyntaxOptions>
              <IncludeAssertionCode Value="True"/>
              <AllowLabel Value="False"/>
            </SyntaxOptions>
          </Parsing>
          <CodeGeneration>
            <Checks>
              <IOChecks Value="True"/>
              <RangeChecks Value="True"/>
              <OverflowChecks Value="True"/>
              <StackChecks Value="True"/>
            </Checks>
            <VerifyObjMethodCallValidity Value="True"/>
          </CodeGeneration>
          <Linking>
            <Debugging>
              <UseHeaptrc Value="True"/>
              <UseValgrind Value="True"/>
              <StripSymbols Value="True"/>
              <UseExternalDbgSyms Value="True"/>
            </Debugging>
            <Options>
              <Win32>
                <GraphicApplication Value="True"/>
              </Win32>
            </Options>
          </Linking>
        </CompilerOptions>
      </Item2>
      <Item3 Name="Release">
        <CompilerOptions>
          <Version Value="11"/>
          <PathDelim Value="\"/>
          <Target>
            <Filename Value="..\..\bin\$(TargetCPU)-$(TargetOS)\$nameonly($Project(infofile))"/>
          </Target>
          <SearchPaths>
            <IncludeFiles Value="$(ProjOutDir);..\..\include"/>
            <OtherUnitFiles Value="..\Source;..\Source\DS2SQL"/>
            <UnitOutputDirectory Value="..\..\bin\$(TargetCPU)-$(TargetOS)\units"/>
          </SearchPaths>
          <Parsing>
            <SyntaxOptions>
              <AllowLabel Value="False"/>
            </SyntaxOptions>
          </Parsing>
          <CodeGeneration>
            <SmartLinkUnit Value="True"/>
            <Optimizations>
              <OptimizationLevel Value="3"/>
            </Optimizations>
          </CodeGeneration>
          <Linking>
            <Debugging>
              <GenerateDebugInfo Value="False"/>
            </Debugging>
            <LinkSmart Value="True"/>
            <Options>
              <Win32>
                <GraphicApplication Value="True"/>
              </Win32>
            </Options>
          </Linking>
        </CompilerOptions>
      </Item3>
    </BuildModes>
    <PublishOptions>
      <Version Value="2"/>
    </PublishOptions>
    <RunParams>
      <FormatVersion Value="2"/>
      <Modes Count="1">
        <Mode0 Name="default"/>
      </Modes>
    </RunParams>
    <RequiredPackages Count="6">
      <Item1>
        <PackageName Value="HighDPI"/>
      </Item1>
      <Item2>
        <PackageName Value="SQLDBLaz_ext"/>
      </Item2>
      <Item3>
        <PackageName Value="SQLDBLaz"/>
      </Item3>
      <Item4>
        <PackageName Value="MemDSLaz"/>
      </Item4>
      <Item5>
        <PackageName Value="FCL"/>
      </Item5>
      <Item6>
        <PackageName Value="LCL"/>
      </Item6>
    </RequiredPackages>
    <Units Count="6">
      <Unit0>
        <Filename Value="prj_DS2SQL.lpr"/>
        <IsPartOfProject Value="True"/>
      </Unit0>
      <Unit1>
        <Filename Value="..\Source\DS2SQL\frm_ds2sqlmain.pas"/>
        <IsPartOfProject Value="True"/>
        <ComponentName Value="Form1"/>
        <HasResources Value="True"/>
        <ResourceBaseClass Value="Form"/>
        <UnitName Value="frm_DS2SQLMain"/>
      </Unit1>
      <Unit2>
        <Filename Value="..\Source\DS2SQL\dm_ds2sql.pas"/>
        <IsPartOfProject Value="True"/>
        <ComponentName Value="DataModule1"/>
        <HasResources Value="True"/>
        <ResourceBaseClass Value="DataModule"/>
        <UnitName Value="dm_DS2SQL"/>
      </Unit2>
      <Unit3>
        <Filename Value="..\Source\xmldatapacketreader_debug.pp"/>
        <IsPartOfProject Value="True"/>
        <UnitName Value="XMLDatapacketReader_debug"/>
      </Unit3>
      <Unit4>
        <Filename Value="..\Source\DS2SQL\cls_memdsext.pas"/>
        <IsPartOfProject Value="True"/>
        <UnitName Value="cls_MemDSExt"/>
      </Unit4>
      <Unit5>
        <Filename Value="..\Source\DS2SQL\frm_connectdb.pas"/>
        <IsPartOfProject Value="True"/>
        <ComponentName Value="frmConnectDb"/>
        <HasResources Value="True"/>
        <ResourceBaseClass Value="Form"/>
        <UnitName Value="frm_ConnectDB"/>
      </Unit5>
    </Units>
  </ProjectOptions>
  <CompilerOptions>
    <Version Value="11"/>
    <PathDelim Value="\"/>
    <Target>
      <Filename Value="..\..\bin\$(TargetCPU)-$(TargetOS)\$nameonly($Project(infofile))"/>
    </Target>
    <SearchPaths>
      <IncludeFiles Value="$(ProjOutDir);..\..\include"/>
      <OtherUnitFiles Value="..\Source;..\Source\DS2SQL"/>
      <UnitOutputDirectory Value="..\..\bin\$(TargetCPU)-$(TargetOS)\units"/>
    </SearchPaths>
    <Parsing>
      <SyntaxOptions>
        <AllowLabel Value="False"/>
      </SyntaxOptions>
    </Parsing>
    <CodeGeneration>
      <SmartLinkUnit Value="True"/>
    </CodeGeneration>
    <Linking>
      <LinkSmart Value="True"/>
      <Options>
        <Win32>
          <GraphicApplication Value="True"/>
        </Win32>
      </Options>
    </Linking>
  </CompilerOptions>
</CONFIG>
