<?xml version="1.0" encoding="UTF-8"?>
<CONFIG>
  <ProjectOptions>
    <Version Value="11"/>
    <PathDelim Value="\"/>
    <General>
      <SessionStorage Value="InProjectDir"/>
      <MainUnit Value="0"/>
      <Title Value="Prj_PlaceEdit"/>
      <ResourceType Value="res"/>
      <UseXPManifest Value="True"/>
      <Icon Value="0"/>
    </General>
    <BuildModes Count="4">
      <Item1 Name="Default" Default="True"/>
      <Item2 Name="Debug">
        <CompilerOptions>
          <Version Value="11"/>
          <PathDelim Value="\"/>
          <Target>
            <Filename Value="..\..\..\bin\$(TargetCPU)-$(TargetOS)\$Nameonly($Project(Infofile))"/>
          </Target>
          <SearchPaths>
            <IncludeFiles Value="$(ProjOutDir)"/>
            <OtherUnitFiles Value="..\test;..\Source;..\Source\PlaceEdit;..\Source\GenData;..\Source\gedcom-import;..\Source\RNZAnzeigen"/>
            <UnitOutputDirectory Value="..\..\..\bin\$(TargetCPU)-$(TargetOS)\units"/>
          </SearchPaths>
          <Parsing>
            <SyntaxOptions>
              <IncludeAssertionCode Value="True"/>
            </SyntaxOptions>
          </Parsing>
          <CodeGeneration>
            <RelocatableUnit Value="True"/>
            <Checks>
              <IOChecks Value="True"/>
              <RangeChecks Value="True"/>
              <OverflowChecks Value="True"/>
              <StackChecks Value="True"/>
            </Checks>
            <VerifyObjMethodCallValidity Value="True"/>
          </CodeGeneration>
          <Linking>
            <Debugging>
              <DebugInfoType Value="dsDwarf2Set"/>
              <UseHeaptrc Value="True"/>
              <TrashVariables Value="True"/>
              <UseExternalDbgSyms Value="True"/>
            </Debugging>
            <Options>
              <Win32>
                <GraphicApplication Value="True"/>
              </Win32>
            </Options>
          </Linking>
        </CompilerOptions>
      </Item2>
      <Item3 Name="Release">
        <CompilerOptions>
          <Version Value="11"/>
          <PathDelim Value="\"/>
          <Target>
            <Filename Value="..\..\..\bin\$(TargetCPU)-$(TargetOS)\$Nameonly($Project(Infofile))"/>
          </Target>
          <SearchPaths>
            <IncludeFiles Value="$(ProjOutDir)"/>
            <OtherUnitFiles Value="..\test;..\Source;..\Source\PlaceEdit;..\Source\GenData;..\Source\gedcom-import;..\Source\RNZAnzeigen"/>
            <UnitOutputDirectory Value="..\..\..\bin\$(TargetCPU)-$(TargetOS)\units"/>
          </SearchPaths>
          <CodeGeneration>
            <SmartLinkUnit Value="True"/>
            <RelocatableUnit Value="True"/>
            <Optimizations>
              <OptimizationLevel Value="3"/>
            </Optimizations>
          </CodeGeneration>
          <Linking>
            <Debugging>
              <GenerateDebugInfo Value="False"/>
            </Debugging>
            <LinkSmart Value="True"/>
            <Options>
              <Win32>
                <GraphicApplication Value="True"/>
              </Win32>
            </Options>
          </Linking>
        </CompilerOptions>
      </Item3>
      <Item4 Name="Release32">
        <CompilerOptions>
          <Version Value="11"/>
          <PathDelim Value="\"/>
          <Target>
            <Filename Value="..\..\..\bin\$(TargetCPU)-$(TargetOS)\$Nameonly($Project(Infofile))"/>
          </Target>
          <SearchPaths>
            <IncludeFiles Value="$(ProjOutDir)"/>
            <OtherUnitFiles Value="..\test;..\Source;..\Source\PlaceEdit;..\Source\GenData;..\Source\gedcom-import;..\Source\RNZAnzeigen"/>
            <UnitOutputDirectory Value="..\..\..\bin\$(TargetCPU)-$(TargetOS)\units"/>
          </SearchPaths>
          <CodeGeneration>
            <SmartLinkUnit Value="True"/>
            <RelocatableUnit Value="True"/>
            <TargetCPU Value="i386"/>
            <TargetOS Value="win32"/>
            <Optimizations>
              <OptimizationLevel Value="3"/>
            </Optimizations>
          </CodeGeneration>
          <Linking>
            <Debugging>
              <GenerateDebugInfo Value="False"/>
            </Debugging>
            <LinkSmart Value="True"/>
            <Options>
              <Win32>
                <GraphicApplication Value="True"/>
              </Win32>
            </Options>
          </Linking>
        </CompilerOptions>
      </Item4>
    </BuildModes>
    <PublishOptions>
      <Version Value="2"/>
    </PublishOptions>
    <RunParams>
      <local>
        <CommandLineParams Value="/local"/>
      </local>
      <FormatVersion Value="2"/>
      <Modes Count="1">
        <Mode0 Name="default">
          <local>
            <CommandLineParams Value="/local"/>
          </local>
        </Mode0>
      </Modes>
    </RunParams>
    <RequiredPackages Count="7">
      <Item1>
        <PackageName Value="lazmapviewer_bgra"/>
      </Item1>
      <Item2>
        <PackageName Value="lazMapViewerPkg"/>
      </Item2>
      <Item3>
        <PackageName Value="BaseUnits"/>
      </Item3>
      <Item4>
        <PackageName Value="fpvhttp"/>
      </Item4>
      <Item5>
        <PackageName Value="UntConfig"/>
      </Item5>
      <Item6>
        <PackageName Value="FCL"/>
      </Item6>
      <Item7>
        <PackageName Value="LCL"/>
      </Item7>
    </RequiredPackages>
    <Units Count="5">
      <Unit0>
        <Filename Value="Prj_PlaceEdit.lpr"/>
        <IsPartOfProject Value="True"/>
      </Unit0>
      <Unit1>
        <Filename Value="..\Source\PlaceEdit\frm_PlaceEditMain.pas"/>
        <IsPartOfProject Value="True"/>
        <ComponentName Value="FrmPlaceEditMain"/>
        <HasResources Value="True"/>
        <ResourceBaseClass Value="Form"/>
      </Unit1>
      <Unit2>
        <Filename Value="..\Source\PlaceEdit\fra_PlaceEdit.pas"/>
        <IsPartOfProject Value="True"/>
        <ComponentName Value="FraPlaceEdit"/>
        <HasResources Value="True"/>
        <ResourceBaseClass Value="Frame"/>
      </Unit2>
      <Unit3>
        <Filename Value="..\Source\gedcom-import\cmp_GedComFile.pas"/>
        <IsPartOfProject Value="True"/>
        <UnitName Value="Cmp_GedComFile"/>
      </Unit3>
      <Unit4>
        <Filename Value="..\Source\RNZAnzeigen\dm_RNZAnzeigen.pas"/>
        <IsPartOfProject Value="True"/>
        <ComponentName Value="dmRNZAnzeigen"/>
        <HasResources Value="True"/>
        <ResourceBaseClass Value="DataModule"/>
      </Unit4>
    </Units>
  </ProjectOptions>
  <CompilerOptions>
    <Version Value="11"/>
    <PathDelim Value="\"/>
    <Target>
      <Filename Value="..\..\..\bin\$(TargetCPU)-$(TargetOS)\$Nameonly($Project(Infofile))"/>
    </Target>
    <SearchPaths>
      <IncludeFiles Value="$(ProjOutDir)"/>
      <OtherUnitFiles Value="..\test;..\Source;..\Source\PlaceEdit;..\Source\GenData;..\Source\gedcom-import;..\Source\RNZAnzeigen"/>
      <UnitOutputDirectory Value="..\..\..\bin\$(TargetCPU)-$(TargetOS)\units"/>
    </SearchPaths>
    <CodeGeneration>
      <SmartLinkUnit Value="True"/>
      <RelocatableUnit Value="True"/>
    </CodeGeneration>
    <Linking>
      <LinkSmart Value="True"/>
      <Options>
        <Win32>
          <GraphicApplication Value="True"/>
        </Win32>
      </Options>
    </Linking>
  </CompilerOptions>
  <Debugging>
    <Exceptions Count="3">
      <Item1>
        <Name Value="EAbort"/>
      </Item1>
      <Item2>
        <Name Value="ECodetoolError"/>
      </Item2>
      <Item3>
        <Name Value="EFOpenError"/>
      </Item3>
    </Exceptions>
  </Debugging>
</CONFIG>
