<?xml version="1.0" encoding="UTF-8"?>
<CONFIG>
  <ProjectOptions>
    <Version Value="10"/>
    <PathDelim Value="\"/>
    <General>
      <Flags>
        <MainUnitHasUsesSectionForAllUnits Value="False"/>
        <MainUnitHasCreateFormStatements Value="False"/>
        <MainUnitHasTitleStatement Value="False"/>
      </Flags>
      <SessionStorage Value="InProjectDir"/>
      <MainUnit Value="0"/>
      <Title Value="Labyrinth3d"/>
      <UseAppBundle Value="False"/>
      <ResourceType Value="res"/>
    </General>
    <i18n>
      <EnableI18N LFM="False"/>
    </i18n>
    <VersionInfo>
      <StringTable ProductVersion=""/>
    </VersionInfo>
    <BuildModes Count="4">
      <Item1 Name="Default" Default="True"/>
      <Item2 Name="Debug">
        <CompilerOptions>
          <Version Value="11"/>
          <PathDelim Value="\"/>
          <Target>
            <Filename Value="..\..\bin\$(TargetCPU)-$(TargetOS)\$NameOnly($(ProjFile))"/>
          </Target>
          <SearchPaths>
            <IncludeFiles Value="..\..\include;..\source;$(ProjOutDir)"/>
            <OtherUnitFiles Value="..\Source"/>
            <UnitOutputDirectory Value="..\..\bin\$(TargetCPU)-$(TargetOS)\units"/>
          </SearchPaths>
          <Parsing>
            <SyntaxOptions>
              <IncludeAssertionCode Value="True"/>
              <AllowLabel Value="False"/>
            </SyntaxOptions>
          </Parsing>
          <CodeGeneration>
            <Checks>
              <IOChecks Value="True"/>
              <RangeChecks Value="True"/>
              <OverflowChecks Value="True"/>
              <StackChecks Value="True"/>
            </Checks>
          </CodeGeneration>
          <Linking>
            <Debugging>
              <DebugInfoType Value="dsDwarf2Set"/>
              <UseHeaptrc Value="True"/>
              <UseExternalDbgSyms Value="True"/>
            </Debugging>
            <Options>
              <Win32>
                <GraphicApplication Value="True"/>
              </Win32>
            </Options>
          </Linking>
          <Other>
            <CustomOptions Value="-dBorland -dVer150 -dDelphi7 -dCompiler6_Up -dDEBUG"/>
          </Other>
        </CompilerOptions>
      </Item2>
      <Item3 Name="Release">
        <CompilerOptions>
          <Version Value="11"/>
          <PathDelim Value="\"/>
          <Target>
            <Filename Value="..\..\bin\$(TargetCPU)-$(TargetOS)\$NameOnly($(ProjFile))"/>
          </Target>
          <SearchPaths>
            <IncludeFiles Value="..\..\include;..\source;$(ProjOutDir)"/>
            <OtherUnitFiles Value="..\Source"/>
            <UnitOutputDirectory Value="..\..\bin\$(TargetCPU)-$(TargetOS)\units"/>
          </SearchPaths>
          <Parsing>
            <SyntaxOptions>
              <AllowLabel Value="False"/>
            </SyntaxOptions>
          </Parsing>
          <CodeGeneration>
            <SmartLinkUnit Value="True"/>
            <Optimizations>
              <OptimizationLevel Value="3"/>
            </Optimizations>
          </CodeGeneration>
          <Linking>
            <Debugging>
              <GenerateDebugInfo Value="False"/>
            </Debugging>
            <LinkSmart Value="True"/>
            <Options>
              <Win32>
                <GraphicApplication Value="True"/>
              </Win32>
            </Options>
          </Linking>
          <Other>
            <CustomOptions Value="-dBorland -dVer150 -dDelphi7 -dCompiler6_Up -dPUREPASCAL"/>
          </Other>
        </CompilerOptions>
      </Item3>
      <Item4 Name="Release-x64">
        <CompilerOptions>
          <Version Value="11"/>
          <PathDelim Value="\"/>
          <Target>
            <Filename Value="..\..\bin\$(TargetCPU)-$(TargetOS)\$NameOnly($(ProjFile))"/>
          </Target>
          <SearchPaths>
            <IncludeFiles Value="..\..\include;..\source;$(ProjOutDir)"/>
            <OtherUnitFiles Value="..\Source"/>
            <UnitOutputDirectory Value="..\..\bin\$(TargetCPU)-$(TargetOS)\units"/>
          </SearchPaths>
          <Parsing>
            <SyntaxOptions>
              <AllowLabel Value="False"/>
            </SyntaxOptions>
          </Parsing>
          <CodeGeneration>
            <SmartLinkUnit Value="True"/>
            <TargetCPU Value="x86_64"/>
            <TargetOS Value="win64"/>
            <Optimizations>
              <OptimizationLevel Value="3"/>
            </Optimizations>
          </CodeGeneration>
          <Linking>
            <Debugging>
              <GenerateDebugInfo Value="False"/>
            </Debugging>
            <LinkSmart Value="True"/>
            <Options>
              <Win32>
                <GraphicApplication Value="True"/>
              </Win32>
            </Options>
          </Linking>
          <Other>
            <CustomOptions Value="-dBorland -dVer150 -dDelphi7 -dCompiler6_Up -dPUREPASCAL"/>
          </Other>
        </CompilerOptions>
      </Item4>
    </BuildModes>
    <PublishOptions>
      <Version Value="2"/>
    </PublishOptions>
    <RunParams>
      <local>
        <FormatVersion Value="1"/>
      </local>
    </RunParams>
    <RequiredPackages Count="1">
      <Item1>
        <PackageName Value="LCL"/>
      </Item1>
    </RequiredPackages>
    <Units Count="7">
      <Unit0>
        <Filename Value="Labyrinth3d.dpr"/>
        <IsPartOfProject Value="True"/>
      </Unit0>
      <Unit1>
        <Filename Value="..\Source\Labydemo3d.pas"/>
        <IsPartOfProject Value="True"/>
        <ComponentName Value="Form1"/>
        <HasResources Value="True"/>
        <ResourceBaseClass Value="Form"/>
      </Unit1>
      <Unit2>
        <Filename Value="..\Source\ProgressBarU.pas"/>
        <IsPartOfProject Value="True"/>
        <HasResources Value="True"/>
      </Unit2>
      <Unit3>
        <Filename Value="..\Source\LabyU3D.pas"/>
        <IsPartOfProject Value="True"/>
        <ComponentName Value="Laby"/>
        <HasResources Value="True"/>
        <ResourceBaseClass Value="Form"/>
      </Unit3>
      <Unit4>
        <Filename Value="..\Source\unt_Lists.pas"/>
        <IsPartOfProject Value="True"/>
      </Unit4>
      <Unit5>
        <Filename Value="..\Source\unt_Point3d.pas"/>
        <IsPartOfProject Value="True"/>
      </Unit5>
      <Unit6>
        <Filename Value="..\Source\Fra_WindRose.pas"/>
        <IsPartOfProject Value="True"/>
        <ComponentName Value="FraWindRose"/>
        <HasResources Value="True"/>
        <ResourceBaseClass Value="Frame"/>
      </Unit6>
    </Units>
  </ProjectOptions>
  <CompilerOptions>
    <Version Value="11"/>
    <PathDelim Value="\"/>
    <Target>
      <Filename Value="..\..\bin\$(TargetCPU)-$(TargetOS)\$NameOnly($(ProjFile))"/>
    </Target>
    <SearchPaths>
      <IncludeFiles Value="..\..\include;..\source;$(ProjOutDir)"/>
      <OtherUnitFiles Value="..\Source"/>
      <UnitOutputDirectory Value="..\..\bin\$(TargetCPU)-$(TargetOS)\units"/>
    </SearchPaths>
    <Parsing>
      <SyntaxOptions>
        <AllowLabel Value="False"/>
      </SyntaxOptions>
    </Parsing>
    <CodeGeneration>
      <SmartLinkUnit Value="True"/>
      <TargetCPU Value="x86_64"/>
      <TargetOS Value="win64"/>
    </CodeGeneration>
    <Linking>
      <LinkSmart Value="True"/>
      <Options>
        <Win32>
          <GraphicApplication Value="True"/>
        </Win32>
      </Options>
    </Linking>
    <Other>
      <CustomOptions Value="-dBorland -dVer150 -dDelphi7 -dCompiler6_Up -dPUREPASCAL"/>
    </Other>
  </CompilerOptions>
</CONFIG>
