<?xml version="1.0" encoding="UTF-8"?>
<CONFIG>
  <ProjectOptions>
    <Version Value="10"/>
    <PathDelim Value="\"/>
    <General>
      <Flags>
        <MainUnitHasUsesSectionForAllUnits Value="False"/>
        <MainUnitHasCreateFormStatements Value="False"/>
        <MainUnitHasTitleStatement Value="False"/>
      </Flags>
      <SessionStorage Value="InProjectDir"/>
      <MainUnit Value="0"/>
      <Title Value="Swat"/>
      <ResourceType Value="res"/>
      <UseXPManifest Value="True"/>
    </General>
    <LazDoc Paths="..\FPDoc"/>
    <i18n>
      <EnableI18N Value="True"/>
      <OutDir Value="..\Language"/>
    </i18n>
    <BuildModes Count="1">
      <Item1 Name="Default" Default="True"/>
    </BuildModes>
    <PublishOptions>
      <Version Value="2"/>
    </PublishOptions>
    <RunParams>
      <local>
        <FormatVersion Value="1"/>
      </local>
    </RunParams>
    <RequiredPackages Count="1">
      <Item1>
        <PackageName Value="LCL"/>
      </Item1>
    </RequiredPackages>
    <Units Count="4">
      <Unit0>
        <Filename Value="Swat.dpr"/>
        <IsPartOfProject Value="True"/>
      </Unit0>
      <Unit1>
        <Filename Value="..\Source\D7Demos\Swat\frm_swatmain.pas"/>
        <IsPartOfProject Value="True"/>
        <ComponentName Value="frmSwatMain"/>
        <HasResources Value="True"/>
        <ResourceBaseClass Value="Form"/>
        <UnitName Value="frm_SwatMain"/>
      </Unit1>
      <Unit2>
        <Filename Value="..\Source\D7Demos\Swat\frm_aboutswat.pas"/>
        <IsPartOfProject Value="True"/>
        <ComponentName Value="frmAboutSwat"/>
        <HasResources Value="True"/>
        <ResourceBaseClass Value="Form"/>
        <UnitName Value="frm_AboutSwat"/>
      </Unit2>
      <Unit3>
        <Filename Value="..\Source\D7Demos\Swat\frm_swatoptions.pas"/>
        <IsPartOfProject Value="True"/>
        <ComponentName Value="frmSwatOptionDlg"/>
        <HasResources Value="True"/>
        <ResourceBaseClass Value="Form"/>
        <UnitName Value="frm_SwatOptions"/>
      </Unit3>
    </Units>
  </ProjectOptions>
  <CompilerOptions>
    <Version Value="11"/>
    <PathDelim Value="\"/>
    <Target>
      <Filename Value="..\..\bin\$(TargetCPU)-$(TargetOS)\$NameOnly($(ProjFile))"/>
    </Target>
    <SearchPaths>
      <IncludeFiles Value="$(ProjOutDir);..\..\include"/>
      <OtherUnitFiles Value="..\Source\D7Demos\Swat"/>
      <UnitOutputDirectory Value="..\..\bin\$(TargetCPU)-$(TargetOS)\units"/>
    </SearchPaths>
    <Parsing>
      <SyntaxOptions>
        <AllowLabel Value="False"/>
      </SyntaxOptions>
    </Parsing>
    <CodeGeneration>
      <SmartLinkUnit Value="True"/>
    </CodeGeneration>
    <Linking>
      <LinkSmart Value="True"/>
      <Options>
        <Win32>
          <GraphicApplication Value="True"/>
        </Win32>
      </Options>
    </Linking>
  </CompilerOptions>
  <Debugging>
    <Exceptions Count="3">
      <Item1>
        <Name Value="EAbort"/>
      </Item1>
      <Item2>
        <Name Value="ECodetoolError"/>
      </Item2>
      <Item3>
        <Name Value="EFOpenError"/>
      </Item3>
    </Exceptions>
  </Debugging>
</CONFIG>
