<?xml version="1.0" encoding="UTF-8"?>
<CONFIG>
  <ProjectOptions>
    <Version Value="10"/>
    <General>
      <Flags>
        <SaveOnlyProjectUnits Value="True"/>
      </Flags>
      <SessionStorage Value="InProjectDir"/>
      <MainUnit Value="0"/>
      <Title Value="LazWinToPas"/>
      <ResourceType Value="res"/>
      <UseXPManifest Value="True"/>
    </General>
    <i18n>
      <EnableI18N LFM="False"/>
    </i18n>
    <VersionInfo>
      <Language Value=""/>
      <CharSet Value=""/>
    </VersionInfo>
    <BuildModes Count="3">
      <Item1 Name="default" Default="True"/>
      <Item2 Name="Debug">
        <CompilerOptions>
          <Version Value="11"/>
          <Target>
            <Filename Value="../../bin/$(TargetCPU)-$(TargetOS)/$Nameonly($Project(infofile))"/>
          </Target>
          <SearchPaths>
            <IncludeFiles Value="../Source/topaslib;$(ProjOutDir)"/>
            <OtherUnitFiles Value="../Source/topaslib;../Source/lazWinToPas"/>
            <UnitOutputDirectory Value="../../bin/$(TargetCPU)-$(TargetOS)/units"/>
          </SearchPaths>
          <Parsing>
            <SyntaxOptions>
              <IncludeAssertionCode Value="True"/>
            </SyntaxOptions>
          </Parsing>
          <CodeGeneration>
            <Checks>
              <IOChecks Value="True"/>
              <RangeChecks Value="True"/>
              <OverflowChecks Value="True"/>
              <StackChecks Value="True"/>
            </Checks>
            <VerifyObjMethodCallValidity Value="True"/>
          </CodeGeneration>
          <Linking>
            <Debugging>
              <DebugInfoType Value="dsDwarf2Set"/>
              <UseHeaptrc Value="True"/>
              <TrashVariables Value="True"/>
              <UseExternalDbgSyms Value="True"/>
            </Debugging>
          </Linking>
        </CompilerOptions>
      </Item2>
      <Item3 Name="Release">
        <CompilerOptions>
          <Version Value="11"/>
          <Target>
            <Filename Value="../../bin/$(TargetCPU)-$(TargetOS)/$Nameonly($Project(infofile))"/>
          </Target>
          <SearchPaths>
            <IncludeFiles Value="../Source/topaslib;$(ProjOutDir)"/>
            <OtherUnitFiles Value="../Source/topaslib;../Source/lazWinToPas"/>
            <UnitOutputDirectory Value="../../bin/$(TargetCPU)-$(TargetOS)/units"/>
          </SearchPaths>
          <CodeGeneration>
            <SmartLinkUnit Value="True"/>
            <Optimizations>
              <OptimizationLevel Value="3"/>
            </Optimizations>
          </CodeGeneration>
          <Linking>
            <Debugging>
              <GenerateDebugInfo Value="False"/>
            </Debugging>
            <LinkSmart Value="True"/>
          </Linking>
        </CompilerOptions>
      </Item3>
    </BuildModes>
    <PublishOptions>
      <Version Value="2"/>
      <IgnoreBinaries Value="False"/>
      <IncludeFileFilter Value="*.(pas|pp|inc|lfm|lpr|lrs|lpi|lpk|sh|xml)"/>
      <ExcludeFileFilter Value="*.(bak|ppu|ppw|o|so);*~;backup"/>
    </PublishOptions>
    <RunParams>
      <local>
        <FormatVersion Value="1"/>
      </local>
    </RunParams>
    <RequiredPackages Count="1">
      <Item1>
        <PackageName Value="LCL"/>
      </Item1>
    </RequiredPackages>
    <Units Count="13">
      <Unit0>
        <Filename Value="LazWinToPas.lpr"/>
        <IsPartOfProject Value="True"/>
      </Unit0>
      <Unit1>
        <Filename Value="../Source/lazWinToPas/fScanLog.pas"/>
        <IsPartOfProject Value="True"/>
        <ComponentName Value="ScanLog"/>
        <HasResources Value="True"/>
        <ResourceBaseClass Value="Form"/>
      </Unit1>
      <Unit2>
        <Filename Value="../Source/lazWinToPas/fTypes.pas"/>
        <IsPartOfProject Value="True"/>
        <ComponentName Value="TypeDefList"/>
        <HasResources Value="True"/>
        <ResourceBaseClass Value="Form"/>
      </Unit2>
      <Unit3>
        <Filename Value="../Source/lazWinToPas/fScopeView.pas"/>
        <IsPartOfProject Value="True"/>
        <ComponentName Value="ScopeView"/>
        <HasResources Value="True"/>
        <ResourceBaseClass Value="Form"/>
      </Unit3>
      <Unit4>
        <Filename Value="../Source/lazWinToPas/fConfiguration.pas"/>
        <IsPartOfProject Value="True"/>
        <ComponentName Value="ConfigViewer"/>
        <HasResources Value="True"/>
        <ResourceBaseClass Value="Form"/>
      </Unit4>
      <Unit5>
        <Filename Value="../Source/lazWinToPas/fSymView.pas"/>
        <IsPartOfProject Value="True"/>
        <ComponentName Value="SymView"/>
        <HasResources Value="True"/>
        <ResourceBaseClass Value="Form"/>
      </Unit5>
      <Unit6>
        <Filename Value="../Source/lazWinToPas/fMacros.pas"/>
        <IsPartOfProject Value="True"/>
        <ComponentName Value="MacroChecker"/>
        <HasResources Value="True"/>
        <ResourceBaseClass Value="Form"/>
      </Unit6>
      <Unit7>
        <Filename Value="../Source/ToPasLib/uToPas.pas"/>
        <IsPartOfProject Value="True"/>
      </Unit7>
      <Unit8>
        <Filename Value="../Source/ToPasLib/uHashList.pas"/>
        <IsPartOfProject Value="True"/>
      </Unit8>
      <Unit9>
        <Filename Value="../Source/ToPasLib/uXStrings.pas"/>
        <IsPartOfProject Value="True"/>
      </Unit9>
      <Unit10>
        <Filename Value="../Source/ToPasLib/uFiles.pas"/>
        <IsPartOfProject Value="True"/>
      </Unit10>
      <Unit11>
        <Filename Value="../Source/ToPasLib/uMacros.pas"/>
        <IsPartOfProject Value="True"/>
      </Unit11>
      <Unit12>
        <Filename Value="../Source/ToPasLib/uTablesC.pas"/>
        <IsPartOfProject Value="True"/>
      </Unit12>
    </Units>
  </ProjectOptions>
  <CompilerOptions>
    <Version Value="11"/>
    <Target>
      <Filename Value="../../bin/$(TargetCPU)-$(TargetOS)/$Nameonly($Project(infofile))"/>
    </Target>
    <SearchPaths>
      <IncludeFiles Value="../Source/topaslib;$(ProjOutDir)"/>
      <OtherUnitFiles Value="../Source/topaslib;../Source/lazWinToPas"/>
      <UnitOutputDirectory Value="../../bin/$(TargetCPU)-$(TargetOS)/units"/>
    </SearchPaths>
  </CompilerOptions>
  <Debugging>
    <Exceptions Count="3">
      <Item1>
        <Name Value="EAbort"/>
      </Item1>
      <Item2>
        <Name Value="ECodetoolError"/>
      </Item2>
      <Item3>
        <Name Value="EFOpenError"/>
      </Item3>
    </Exceptions>
  </Debugging>
</CONFIG>
