<?xml version="1.0" encoding="UTF-8"?>
<CONFIG>
  <ProjectOptions>
    <Version Value="10"/>
    <PathDelim Value="\"/>
    <General>
      <MainUnit Value="0"/>
      <Title Value="Stemma"/>
      <UseAppBundle Value="False"/>
      <ResourceType Value="res"/>
      <UseXPManifest Value="True"/>
      <XPManifest>
        <DpiAware Value="True"/>
      </XPManifest>
      <Icon Value="0"/>
    </General>
    <LazDoc Paths="..\FPDoc" PackageName="Stemma"/>
    <i18n>
      <EnableI18N Value="True"/>
      <OutDir Value="..\po"/>
    </i18n>
    <VersionInfo>
      <UseVersionInfo Value="True"/>
      <MinorVersionNr Value="9"/>
      <RevisionNr Value="5"/>
      <Language Value="0C0C"/>
      <StringTable ProductVersion=""/>
    </VersionInfo>
    <BuildModes Count="3" Active="Debug">
      <Item1 Name="Default" Default="True"/>
      <Item2 Name="Debug">
        <CompilerOptions>
          <Version Value="11"/>
          <PathDelim Value="\"/>
          <Target>
            <Filename Value="..\..\bin\$(TargetCPU)-$(TargetOS)\$Nameonly($Project(infofile))"/>
          </Target>
          <SearchPaths>
            <IncludeFiles Value="$(ProjOutDir)"/>
            <OtherUnitFiles Value="..\Source;..;..\Source\tools;..\Source\ExtraWnd"/>
            <UnitOutputDirectory Value="..\..\bin\$(TargetCPU)-$(TargetOS)\units"/>
          </SearchPaths>
          <Parsing>
            <SyntaxOptions>
              <IncludeAssertionCode Value="True"/>
            </SyntaxOptions>
          </Parsing>
          <CodeGeneration>
            <RelocatableUnit Value="True"/>
            <Checks>
              <IOChecks Value="True"/>
              <RangeChecks Value="True"/>
              <OverflowChecks Value="True"/>
              <StackChecks Value="True"/>
            </Checks>
            <VerifyObjMethodCallValidity Value="True"/>
          </CodeGeneration>
          <Linking>
            <Debugging>
              <DebugInfoType Value="dsDwarf2Set"/>
              <UseHeaptrc Value="True"/>
              <TrashVariables Value="True"/>
              <UseExternalDbgSyms Value="True"/>
            </Debugging>
            <Options>
              <Win32>
                <GraphicApplication Value="True"/>
              </Win32>
            </Options>
          </Linking>
        </CompilerOptions>
      </Item2>
      <Item3 Name="Release">
        <CompilerOptions>
          <Version Value="11"/>
          <PathDelim Value="\"/>
          <Target>
            <Filename Value="..\..\bin\$(TargetCPU)-$(TargetOS)\$Nameonly($Project(infofile))"/>
          </Target>
          <SearchPaths>
            <IncludeFiles Value="$(ProjOutDir)"/>
            <OtherUnitFiles Value="..\Source;..;..\Source\tools"/>
            <UnitOutputDirectory Value="..\..\bin\$(TargetCPU)-$(TargetOS)\units"/>
          </SearchPaths>
          <CodeGeneration>
            <SmartLinkUnit Value="True"/>
            <RelocatableUnit Value="True"/>
            <Optimizations>
              <OptimizationLevel Value="3"/>
            </Optimizations>
          </CodeGeneration>
          <Linking>
            <Debugging>
              <GenerateDebugInfo Value="False"/>
            </Debugging>
            <LinkSmart Value="True"/>
            <Options>
              <Win32>
                <GraphicApplication Value="True"/>
              </Win32>
            </Options>
          </Linking>
        </CompilerOptions>
      </Item3>
    </BuildModes>
    <PublishOptions>
      <Version Value="2"/>
      <IncludeFileFilter Value="*.(pas|pp|inc|lfm|lpr|lrs|lpi|lpk|sh|xml)"/>
      <ExcludeFileFilter Value="*.(bak|ppu|o|so);*~;backup"/>
    </PublishOptions>
    <RunParams>
      <local>
        <FormatVersion Value="1"/>
        <CommandLineParams Value="--lang de"/>
      </local>
    </RunParams>
    <RequiredPackages Count="6">
      <Item1>
        <PackageName Value="SQLDBLaz"/>
      </Item1>
      <Item2>
        <PackageName Value="HighDPI"/>
      </Item2>
      <Item3>
        <PackageName Value="anchordocking"/>
      </Item3>
      <Item4>
        <PackageName Value="FCL"/>
        <MinVersion Major="1" Valid="True"/>
      </Item4>
      <Item5>
        <PackageName Value="DBFLaz"/>
        <MinVersion Minor="1" Release="1" Valid="True"/>
      </Item5>
      <Item6>
        <PackageName Value="LCL"/>
      </Item6>
    </RequiredPackages>
    <Units Count="52">
      <Unit0>
        <Filename Value="Stemma.lpr"/>
        <IsPartOfProject Value="True"/>
        <EditorIndex Value="13"/>
        <CursorPos X="20" Y="9"/>
        <UsageCount Value="210"/>
        <Loaded Value="True"/>
      </Unit0>
      <Unit1>
        <Filename Value="..\Source\frm_Main.pas"/>
        <IsPartOfProject Value="True"/>
        <ComponentName Value="frmStemmaMainForm"/>
        <HasResources Value="True"/>
        <ResourceBaseClass Value="Form"/>
        <EditorIndex Value="2"/>
        <TopLine Value="2215"/>
        <CursorPos X="68" Y="2242"/>
        <UsageCount Value="210"/>
        <Loaded Value="True"/>
        <LoadedDesigner Value="True"/>
      </Unit1>
      <Unit2>
        <Filename Value="..\Source\tools\fmutils.pas"/>
        <IsPartOfProject Value="True"/>
        <UnitName Value="FMUtils"/>
        <EditorIndex Value="10"/>
        <TopLine Value="9"/>
        <CursorPos X="10" Y="35"/>
        <UsageCount Value="208"/>
        <Loaded Value="True"/>
      </Unit2>
      <Unit3>
        <Filename Value="..\Source\frm_connectdb.pas"/>
        <IsPartOfProject Value="True"/>
        <ComponentName Value="frmConnectDb"/>
        <HasResources Value="True"/>
        <ResourceBaseClass Value="Form"/>
        <UnitName Value="frm_ConnectDB"/>
        <EditorIndex Value="-1"/>
        <CursorPos X="81" Y="41"/>
        <UsageCount Value="207"/>
      </Unit3>
      <Unit4>
        <Filename Value="..\Source\ExtraWnd\frm_Names.pas"/>
        <IsPartOfProject Value="True"/>
        <ComponentName Value="frmNames"/>
        <HasResources Value="True"/>
        <ResourceBaseClass Value="Form"/>
        <EditorIndex Value="6"/>
        <TopLine Value="219"/>
        <CursorPos X="85" Y="246"/>
        <UsageCount Value="205"/>
        <Loaded Value="True"/>
        <LoadedDesigner Value="True"/>
      </Unit4>
      <Unit5>
        <Filename Value="..\Source\ExtraWnd\frm_Explorer.pas"/>
        <IsPartOfProject Value="True"/>
        <ComponentName Value="frmExplorer"/>
        <HasResources Value="True"/>
        <ResourceBaseClass Value="Form"/>
        <EditorIndex Value="-1"/>
        <TopLine Value="199"/>
        <CursorPos X="38" Y="215"/>
        <UsageCount Value="226"/>
      </Unit5>
      <Unit6>
        <Filename Value="..\Source\frm_parents.pas"/>
        <IsPartOfProject Value="True"/>
        <ComponentName Value="frmParents"/>
        <HasResources Value="True"/>
        <ResourceBaseClass Value="Form"/>
        <EditorIndex Value="7"/>
        <TopLine Value="127"/>
        <CursorPos X="54" Y="153"/>
        <UsageCount Value="212"/>
        <Loaded Value="True"/>
        <LoadedDesigner Value="True"/>
      </Unit6>
      <Unit7>
        <Filename Value="..\Source\frm_History.pas"/>
        <IsPartOfProject Value="True"/>
        <ComponentName Value="frmHistory"/>
        <HasResources Value="True"/>
        <ResourceBaseClass Value="Form"/>
        <EditorIndex Value="-1"/>
        <CursorPos X="76" Y="8"/>
        <UsageCount Value="207"/>
      </Unit7>
      <Unit8>
        <Filename Value="..\Source\frm_Children.pas"/>
        <IsPartOfProject Value="True"/>
        <ComponentName Value="frmChildren"/>
        <HasResources Value="True"/>
        <ResourceBaseClass Value="Form"/>
        <EditorIndex Value="8"/>
        <TopLine Value="133"/>
        <CursorPos X="54" Y="159"/>
        <UsageCount Value="205"/>
        <Loaded Value="True"/>
        <LoadedDesigner Value="True"/>
      </Unit8>
      <Unit9>
        <Filename Value="..\Source\frm_siblings.pas"/>
        <IsPartOfProject Value="True"/>
        <ComponentName Value="frmSiblings"/>
        <HasResources Value="True"/>
        <ResourceBaseClass Value="Form"/>
        <UnitName Value="frm_Siblings"/>
        <EditorIndex Value="-1"/>
        <CursorPos X="51" Y="21"/>
        <UsageCount Value="243"/>
      </Unit9>
      <Unit10>
        <Filename Value="..\Source\ExtraWnd\frm_events.pas"/>
        <IsPartOfProject Value="True"/>
        <ComponentName Value="frmEvents"/>
        <HasResources Value="True"/>
        <ResourceBaseClass Value="Form"/>
        <UnitName Value="frm_Events"/>
        <TopLine Value="63"/>
        <CursorPos X="84" Y="68"/>
        <UsageCount Value="242"/>
        <Loaded Value="True"/>
        <LoadedDesigner Value="True"/>
      </Unit10>
      <Unit11>
        <Filename Value="..\Source\frm_documents.pas"/>
        <IsPartOfProject Value="True"/>
        <ComponentName Value="frmDocuments"/>
        <HasResources Value="True"/>
        <ResourceBaseClass Value="Form"/>
        <UnitName Value="frm_Documents"/>
        <EditorIndex Value="1"/>
        <TopLine Value="124"/>
        <CursorPos X="90" Y="145"/>
        <UsageCount Value="282"/>
        <Loaded Value="True"/>
        <LoadedDesigner Value="True"/>
      </Unit11>
      <Unit12>
        <Filename Value="..\Source\frm_ancesters.pas"/>
        <IsPartOfProject Value="True"/>
        <ComponentName Value="FormAncetres"/>
        <HasResources Value="True"/>
        <ResourceBaseClass Value="Form"/>
        <UnitName Value="frm_Ancesters"/>
        <EditorIndex Value="-1"/>
        <TopLine Value="61"/>
        <CursorPos X="33" Y="94"/>
        <UsageCount Value="278"/>
      </Unit12>
      <Unit13>
        <Filename Value="..\Source\frm_descendants.pas"/>
        <IsPartOfProject Value="True"/>
        <ComponentName Value="FormDescendants"/>
        <HasResources Value="True"/>
        <ResourceBaseClass Value="Form"/>
        <UnitName Value="frm_Descendants"/>
        <EditorIndex Value="-1"/>
        <TopLine Value="65"/>
        <CursorPos X="33" Y="93"/>
        <UsageCount Value="276"/>
      </Unit13>
      <Unit14>
        <Filename Value="..\Source\frm_EditDocuments.pas"/>
        <IsPartOfProject Value="True"/>
        <ComponentName Value="frmEditDocuments"/>
        <HasResources Value="True"/>
        <ResourceBaseClass Value="Form"/>
        <EditorIndex Value="14"/>
        <TopLine Value="42"/>
        <CursorPos X="33" Y="68"/>
        <UsageCount Value="273"/>
        <Loaded Value="True"/>
        <LoadedDesigner Value="True"/>
      </Unit14>
      <Unit15>
        <Filename Value="..\Source\tools\frm_ShowImage.pas"/>
        <IsPartOfProject Value="True"/>
        <ComponentName Value="frmShowImage"/>
        <HasResources Value="True"/>
        <ResourceBaseClass Value="Form"/>
        <EditorIndex Value="-1"/>
        <TopLine Value="11"/>
        <CursorPos X="22" Y="60"/>
        <UsageCount Value="272"/>
      </Unit15>
      <Unit16>
        <Filename Value="..\Source\frm_images.pas"/>
        <IsPartOfProject Value="True"/>
        <ComponentName Value="FormImage"/>
        <HasResources Value="True"/>
        <ResourceBaseClass Value="Form"/>
        <UnitName Value="frm_Images"/>
        <EditorIndex Value="-1"/>
        <TopLine Value="41"/>
        <CursorPos X="6" Y="80"/>
        <UsageCount Value="225"/>
      </Unit16>
      <Unit17>
        <Filename Value="..\Source\frm_EditParents.pas"/>
        <IsPartOfProject Value="True"/>
        <ComponentName Value="frmEditParents"/>
        <HasResources Value="True"/>
        <ResourceBaseClass Value="Form"/>
        <EditorIndex Value="15"/>
        <CursorPos X="39" Y="24"/>
        <UsageCount Value="221"/>
        <Loaded Value="True"/>
        <LoadedDesigner Value="True"/>
      </Unit17>
      <Unit18>
        <Filename Value="..\Source\frm_EditCitations.pas"/>
        <IsPartOfProject Value="True"/>
        <ComponentName Value="EditCitations"/>
        <HasResources Value="True"/>
        <ResourceBaseClass Value="Form"/>
        <EditorIndex Value="-1"/>
        <TopLine Value="17"/>
        <CursorPos X="49" Y="68"/>
        <UsageCount Value="321"/>
      </Unit18>
      <Unit19>
        <Filename Value="..\Source\frm_EditName.pas"/>
        <IsPartOfProject Value="True"/>
        <ComponentName Value="frmEditName"/>
        <HasResources Value="True"/>
        <ResourceBaseClass Value="Form"/>
        <EditorIndex Value="-1"/>
        <TopLine Value="543"/>
        <CursorPos Y="568"/>
        <UsageCount Value="223"/>
      </Unit19>
      <Unit20>
        <Filename Value="..\Source\frm_EditEvents.pas"/>
        <IsPartOfProject Value="True"/>
        <ComponentName Value="frmEditEvents"/>
        <HasResources Value="True"/>
        <ResourceBaseClass Value="Form"/>
        <EditorIndex Value="16"/>
        <TopLine Value="1089"/>
        <CursorPos X="108" Y="1115"/>
        <UsageCount Value="204"/>
        <Loaded Value="True"/>
        <LoadedDesigner Value="True"/>
      </Unit20>
      <Unit21>
        <Filename Value="..\Source\frm_EditWitness.pas"/>
        <IsPartOfProject Value="True"/>
        <ComponentName Value="frmEditWitness"/>
        <HasResources Value="True"/>
        <ResourceBaseClass Value="Form"/>
        <EditorIndex Value="-1"/>
        <TopLine Value="203"/>
        <CursorPos X="38" Y="235"/>
        <UsageCount Value="200"/>
      </Unit21>
      <Unit22>
        <Filename Value="..\Source\frm_places.pas"/>
        <IsPartOfProject Value="True"/>
        <ComponentName Value="FormLieux"/>
        <HasResources Value="True"/>
        <ResourceBaseClass Value="Form"/>
        <UnitName Value="frm_Places"/>
        <EditorIndex Value="-1"/>
        <TopLine Value="47"/>
        <CursorPos X="23" Y="72"/>
        <UsageCount Value="208"/>
      </Unit22>
      <Unit23>
        <Filename Value="..\Source\frm_Usage.pas"/>
        <IsPartOfProject Value="True"/>
        <ComponentName Value="frmEventUsage"/>
        <HasResources Value="True"/>
        <ResourceBaseClass Value="Form"/>
        <EditorIndex Value="-1"/>
        <TopLine Value="36"/>
        <CursorPos X="51" Y="83"/>
        <UsageCount Value="201"/>
      </Unit23>
      <Unit24>
        <Filename Value="..\Source\frm_sources.pas"/>
        <IsPartOfProject Value="True"/>
        <ComponentName Value="FormSources"/>
        <HasResources Value="True"/>
        <ResourceBaseClass Value="Form"/>
        <UnitName Value="frm_Sources"/>
        <EditorIndex Value="-1"/>
        <TopLine Value="57"/>
        <CursorPos X="33" Y="83"/>
        <UsageCount Value="201"/>
      </Unit24>
      <Unit25>
        <Filename Value="..\Source\frm_repositories.pas"/>
        <IsPartOfProject Value="True"/>
        <ComponentName Value="frmRepository"/>
        <HasResources Value="True"/>
        <ResourceBaseClass Value="Form"/>
        <UnitName Value="frm_Repositories"/>
        <EditorIndex Value="-1"/>
        <TopLine Value="158"/>
        <CursorPos X="53" Y="203"/>
        <ComponentState Value="1"/>
        <UsageCount Value="218"/>
      </Unit25>
      <Unit26>
        <Filename Value="..\Source\frm_editsource.pas"/>
        <IsPartOfProject Value="True"/>
        <ComponentName Value="EditSource"/>
        <HasResources Value="True"/>
        <ResourceBaseClass Value="Form"/>
        <UnitName Value="frm_EditSource"/>
        <EditorIndex Value="17"/>
        <TopLine Value="302"/>
        <CursorPos X="107" Y="328"/>
        <UsageCount Value="217"/>
        <Loaded Value="True"/>
        <LoadedDesigner Value="True"/>
      </Unit26>
      <Unit27>
        <Filename Value="..\Source\frm_Types.pas"/>
        <IsPartOfProject Value="True"/>
        <ComponentName Value="frmTypes"/>
        <HasResources Value="True"/>
        <ResourceBaseClass Value="Form"/>
        <EditorIndex Value="-1"/>
        <TopLine Value="80"/>
        <CursorPos X="92" Y="125"/>
        <UsageCount Value="201"/>
      </Unit27>
      <Unit28>
        <Filename Value="..\Source\frm_edittypes.pas"/>
        <IsPartOfProject Value="True"/>
        <ComponentName Value="EditType"/>
        <HasResources Value="True"/>
        <ResourceBaseClass Value="Form"/>
        <UnitName Value="frm_EditTypes"/>
        <EditorIndex Value="-1"/>
        <TopLine Value="27"/>
        <CursorPos X="41" Y="51"/>
        <ComponentState Value="1"/>
        <UsageCount Value="200"/>
      </Unit28>
      <Unit29>
        <Filename Value="..\Source\frm_About.pas"/>
        <IsPartOfProject Value="True"/>
        <ComponentName Value="apropos"/>
        <HasResources Value="True"/>
        <ResourceBaseClass Value="Form"/>
        <EditorIndex Value="-1"/>
        <TopLine Value="16"/>
        <CursorPos X="34" Y="57"/>
        <UsageCount Value="282"/>
      </Unit29>
      <Unit30>
        <Filename Value="..\Source\tools\frm_SelectPerson.pas"/>
        <IsPartOfProject Value="True"/>
        <ComponentName Value="FormSelectPersonne"/>
        <HasResources Value="True"/>
        <ResourceBaseClass Value="Form"/>
        <EditorIndex Value="-1"/>
        <TopLine Value="22"/>
        <CursorPos X="17" Y="53"/>
        <UsageCount Value="207"/>
      </Unit30>
      <Unit31>
        <Filename Value="..\Source\dm_gendata.pas"/>
        <IsPartOfProject Value="True"/>
        <ComponentName Value="dmGenData"/>
        <HasResources Value="True"/>
        <ResourceBaseClass Value="DataModule"/>
        <UnitName Value="dm_GenData"/>
        <IsVisibleTab Value="True"/>
        <EditorIndex Value="9"/>
        <TopLine Value="1883"/>
        <CursorPos X="22" Y="1921"/>
        <UsageCount Value="203"/>
        <Loaded Value="True"/>
        <LoadedDesigner Value="True"/>
      </Unit31>
      <Unit32>
        <Filename Value="..\Source\tools\cls_Translation.pas"/>
        <IsPartOfProject Value="True"/>
        <EditorIndex Value="11"/>
        <TopLine Value="112"/>
        <CursorPos X="67" Y="90"/>
        <UsageCount Value="203"/>
        <Loaded Value="True"/>
      </Unit32>
      <Unit33>
        <Filename Value="..\..\Indy10\Lib\System\IdStream.pas"/>
        <EditorIndex Value="-1"/>
        <CursorPos X="29" Y="21"/>
        <UsageCount Value="25"/>
      </Unit33>
      <Unit34>
        <Filename Value="..\..\..\Delphi\Examples\Source\Prj_TestDocking\frm_dockingmain.pas"/>
        <ComponentName Value="frmMain"/>
        <HasResources Value="True"/>
        <ResourceBaseClass Value="Form"/>
        <UnitName Value="Frm_DockingMain"/>
        <EditorIndex Value="-1"/>
        <TopLine Value="77"/>
        <CursorPos X="69" Y="246"/>
        <UsageCount Value="23"/>
      </Unit34>
      <Unit35>
        <Filename Value="C:\lazarus\lcl\graphics.pp"/>
        <UnitName Value="Graphics"/>
        <EditorIndex Value="-1"/>
        <TopLine Value="2361"/>
        <CursorPos X="52" Y="2368"/>
        <UsageCount Value="3"/>
      </Unit35>
      <Unit36>
        <Filename Value="C:\lazarus\lcl\interfaces\win32\win32wsforms.pp"/>
        <UnitName Value="Win32WSForms"/>
        <EditorIndex Value="-1"/>
        <TopLine Value="695"/>
        <CursorPos Y="720"/>
        <UsageCount Value="3"/>
      </Unit36>
      <Unit37>
        <Filename Value="C:\lazarus\lcl\include\spinedit.inc"/>
        <EditorIndex Value="-1"/>
        <TopLine Value="197"/>
        <CursorPos Y="218"/>
        <UsageCount Value="70"/>
      </Unit37>
      <Unit38>
        <Filename Value="C:\lazarus\fpc\3.0.0\source\packages\fcl-db\src\base\dsparams.inc"/>
        <EditorIndex Value="-1"/>
        <TopLine Value="168"/>
        <CursorPos X="30" Y="197"/>
        <UsageCount Value="25"/>
      </Unit38>
      <Unit39>
        <Filename Value="C:\lazarus\lcl\dialogs.pp"/>
        <UnitName Value="Dialogs"/>
        <EditorIndex Value="3"/>
        <TopLine Value="481"/>
        <CursorPos X="10" Y="507"/>
        <UsageCount Value="20"/>
        <Loaded Value="True"/>
      </Unit39>
      <Unit40>
        <Filename Value="..\Source\tools\frm_selectdialog.pas"/>
        <IsPartOfProject Value="True"/>
        <ComponentName Value="frmSelectDialog"/>
        <HasResources Value="True"/>
        <ResourceBaseClass Value="Form"/>
        <UnitName Value="frm_SelectDialog"/>
        <EditorIndex Value="-1"/>
        <CursorPos X="51" Y="43"/>
        <UsageCount Value="201"/>
      </Unit40>
      <Unit41>
        <Filename Value="C:\lazarus\components\anchordocking\anchordocking.pas"/>
        <UnitName Value="AnchorDocking"/>
        <EditorIndex Value="-1"/>
        <TopLine Value="229"/>
        <CursorPos X="3" Y="255"/>
        <UsageCount Value="7"/>
      </Unit41>
      <Unit42>
        <Filename Value="..\..\..\Delphi\Components\Source\Unt_StringProcs.pas"/>
        <EditorIndex Value="-1"/>
        <TopLine Value="1892"/>
        <CursorPos X="90" Y="1914"/>
        <UsageCount Value="2"/>
        <DefaultSyntaxHighlighter Value="Delphi"/>
      </Unit42>
      <Unit43>
        <Filename Value="C:\lazarus\fpc\3.0.2\source\packages\fcl-db\src\sqldb\sqldb.pp"/>
        <EditorIndex Value="-1"/>
        <TopLine Value="3448"/>
        <CursorPos Y="3474"/>
        <UsageCount Value="29"/>
      </Unit43>
      <Unit44>
        <Filename Value="C:\lazarus\fpc\3.0.2\source\rtl\objpas\sysutils\sysutilh.inc"/>
        <EditorIndex Value="-1"/>
        <TopLine Value="294"/>
        <CursorPos X="13" Y="320"/>
        <UsageCount Value="14"/>
      </Unit44>
      <Unit45>
        <Filename Value="C:\lazarus\fpc\3.0.2\source\rtl\objpas\sysutils\sysutils.inc"/>
        <EditorIndex Value="-1"/>
        <TopLine Value="154"/>
        <CursorPos X="16" Y="160"/>
        <UsageCount Value="14"/>
      </Unit45>
      <Unit46>
        <Filename Value="C:\lazarus\fpc\3.0.2\source\rtl\inc\objpash.inc"/>
        <EditorIndex Value="-1"/>
        <TopLine Value="176"/>
        <CursorPos X="40" Y="195"/>
        <UsageCount Value="14"/>
      </Unit46>
      <Unit47>
        <Filename Value="C:\lazarus\lcl\controls.pp"/>
        <UnitName Value="Controls"/>
        <EditorIndex Value="-1"/>
        <TopLine Value="2246"/>
        <CursorPos X="29" Y="2272"/>
        <UsageCount Value="9"/>
      </Unit47>
      <Unit48>
        <Filename Value="C:\lazarus\lcl\imglist.pp"/>
        <UnitName Value="ImgList"/>
        <EditorIndex Value="-1"/>
        <TopLine Value="162"/>
        <CursorPos X="19" Y="191"/>
        <UsageCount Value="9"/>
      </Unit48>
      <Unit49>
        <Filename Value="C:\lazarus\lcl\defaulttranslator.pas"/>
        <UnitName Value="DefaultTranslator"/>
        <EditorIndex Value="12"/>
        <CursorPos X="16" Y="31"/>
        <UsageCount Value="33"/>
        <Loaded Value="True"/>
      </Unit49>
      <Unit50>
        <Filename Value="C:\lazarus\lcl\forms.pp"/>
        <UnitName Value="Forms"/>
        <EditorIndex Value="4"/>
        <TopLine Value="1750"/>
        <CursorPos X="62" Y="1767"/>
        <UsageCount Value="20"/>
        <Loaded Value="True"/>
      </Unit50>
      <Unit51>
        <Filename Value="C:\lazarus\lcl\include\application.inc"/>
        <EditorIndex Value="5"/>
        <TopLine Value="228"/>
        <CursorPos X="22" Y="234"/>
        <UsageCount Value="20"/>
        <Loaded Value="True"/>
      </Unit51>
    </Units>
    <JumpHistory Count="30" HistoryIndex="29">
      <Position1>
        <Filename Value="..\Source\dm_gendata.pas"/>
        <Caret Line="2002" TopLine="1970"/>
      </Position1>
      <Position2>
        <Filename Value="..\Source\dm_gendata.pas"/>
        <Caret Line="145" Column="20" TopLine="128"/>
      </Position2>
      <Position3>
        <Filename Value="..\Source\dm_gendata.pas"/>
        <Caret Line="678" Column="30" TopLine="674"/>
      </Position3>
      <Position4>
        <Filename Value="..\Source\dm_gendata.pas"/>
        <Caret Line="2069" TopLine="2034"/>
      </Position4>
      <Position5>
        <Filename Value="..\Source\dm_gendata.pas"/>
        <Caret Line="2008" Column="11" TopLine="1980"/>
      </Position5>
      <Position6>
        <Filename Value="..\Source\dm_gendata.pas"/>
        <Caret Line="463" Column="19" TopLine="453"/>
      </Position6>
      <Position7>
        <Filename Value="..\Source\dm_gendata.pas"/>
        <Caret Line="1858" Column="18" TopLine="1835"/>
      </Position7>
      <Position8>
        <Filename Value="..\Source\dm_gendata.pas"/>
        <Caret Line="1638" TopLine="1619"/>
      </Position8>
      <Position9>
        <Filename Value="..\Source\dm_gendata.pas"/>
        <Caret Line="746" TopLine="700"/>
      </Position9>
      <Position10>
        <Filename Value="..\Source\dm_gendata.pas"/>
        <Caret Line="536" TopLine="612"/>
      </Position10>
      <Position11>
        <Filename Value="..\Source\dm_gendata.pas"/>
        <Caret Line="557" TopLine="531"/>
      </Position11>
      <Position12>
        <Filename Value="..\Source\dm_gendata.pas"/>
        <Caret Line="749" TopLine="705"/>
      </Position12>
      <Position13>
        <Filename Value="..\Source\dm_gendata.pas"/>
        <Caret Line="1832" Column="11" TopLine="1792"/>
      </Position13>
      <Position14>
        <Filename Value="..\Source\dm_gendata.pas"/>
        <Caret Line="1885" Column="43" TopLine="1897"/>
      </Position14>
      <Position15>
        <Filename Value="..\Source\dm_gendata.pas"/>
        <Caret Line="2090" TopLine="2064"/>
      </Position15>
      <Position16>
        <Filename Value="..\Source\dm_gendata.pas"/>
        <Caret Line="2135" Column="17" TopLine="2182"/>
      </Position16>
      <Position17>
        <Filename Value="..\Source\dm_gendata.pas"/>
        <Caret Line="1744" TopLine="1718"/>
      </Position17>
      <Position18>
        <Filename Value="..\Source\dm_gendata.pas"/>
        <Caret Line="1703" TopLine="1701"/>
      </Position18>
      <Position19>
        <Filename Value="..\Source\dm_gendata.pas"/>
        <Caret Line="1823" Column="19" TopLine="1799"/>
      </Position19>
      <Position20>
        <Filename Value="..\Source\dm_gendata.pas"/>
        <Caret Line="1642" TopLine="1604"/>
      </Position20>
      <Position21>
        <Filename Value="..\Source\dm_gendata.pas"/>
        <Caret Line="537" TopLine="499"/>
      </Position21>
      <Position22>
        <Filename Value="..\Source\dm_gendata.pas"/>
        <Caret Line="2188" Column="26" TopLine="2225"/>
      </Position22>
      <Position23>
        <Filename Value="..\Source\dm_gendata.pas"/>
        <Caret Line="252" TopLine="239"/>
      </Position23>
      <Position24>
        <Filename Value="..\Source\dm_gendata.pas"/>
        <Caret Line="1864" TopLine="1812"/>
      </Position24>
      <Position25>
        <Filename Value="..\Source\dm_gendata.pas"/>
        <Caret Line="852" TopLine="819"/>
      </Position25>
      <Position26>
        <Filename Value="..\Source\dm_gendata.pas"/>
        <Caret Line="802" TopLine="763"/>
      </Position26>
      <Position27>
        <Filename Value="..\Source\dm_gendata.pas"/>
        <Caret Line="1901" Column="38" TopLine="1866"/>
      </Position27>
      <Position28>
        <Filename Value="..\Source\dm_gendata.pas"/>
        <Caret Line="1889" Column="37" TopLine="1867"/>
      </Position28>
      <Position29>
        <Filename Value="..\Source\dm_gendata.pas"/>
        <Caret Line="2142" Column="38" TopLine="2118"/>
      </Position29>
      <Position30>
        <Filename Value="..\Source\dm_gendata.pas"/>
        <Caret Line="1661" TopLine="1635"/>
      </Position30>
    </JumpHistory>
  </ProjectOptions>
  <CompilerOptions>
    <Version Value="11"/>
    <PathDelim Value="\"/>
    <Target>
      <Filename Value="..\..\bin\$(TargetCPU)-$(TargetOS)\$Nameonly($Project(infofile))"/>
    </Target>
    <SearchPaths>
      <IncludeFiles Value="$(ProjOutDir)"/>
      <OtherUnitFiles Value="..\Source;..;..\Source\tools"/>
      <UnitOutputDirectory Value="..\..\bin\$(TargetCPU)-$(TargetOS)\units"/>
    </SearchPaths>
    <CodeGeneration>
      <SmartLinkUnit Value="True"/>
      <RelocatableUnit Value="True"/>
    </CodeGeneration>
    <Linking>
      <LinkSmart Value="True"/>
      <Options>
        <Win32>
          <GraphicApplication Value="True"/>
        </Win32>
      </Options>
    </Linking>
  </CompilerOptions>
  <Debugging>
    <Watches Count="3">
      <Item1>
        <Expression Value="temp"/>
      </Item1>
      <Item2>
        <Expression Value="nom"/>
      </Item2>
      <Item3>
        <Expression Value="compte"/>
        <Enabled Value="False"/>
      </Item3>
    </Watches>
    <Exceptions Count="3">
      <Item1>
        <Name Value="EAbort"/>
      </Item1>
      <Item2>
        <Name Value="ECodetoolError"/>
      </Item2>
      <Item3>
        <Name Value="EFOpenError"/>
      </Item3>
    </Exceptions>
  </Debugging>
</CONFIG>
