	<Project xmlns="http://schemas.microsoft.com/developer/msbuild/2003">
		<PropertyGroup>
			<ProjectGuid>{72fed6b5-29f0-4053-a30a-50bd13cfaffa}</ProjectGuid>
			<MainSource>Exwin.dpr</MainSource>
			<Configuration Condition=" '$(Configuration)' == '' ">Release</Configuration>
			<DCC_DCCCompiler>DCC32</DCC_DCCCompiler>
			<DCC_DependencyCheckOutputName>..\..\..\bin\Exwin.EXE</DCC_DependencyCheckOutputName>
			<ProjectVersion>12.2</ProjectVersion>
			<Basis>True</Basis>
			<Config Condition="'$(Config)'==''">Release</Config>
			<Platform>Win32</Platform>
			<AppType>Console</AppType>
			<FrameworkType>None</FrameworkType>
		</PropertyGroup>
		<PropertyGroup Condition="'$(Config)'=='Basis' or '$(Base)'!=''">
			<Base>true</Base>
		</PropertyGroup>
		<PropertyGroup Condition="'$(Config)'=='Release' or '$(Cfg_1)'!=''">
			<Cfg_1>true</Cfg_1>
			<CfgParent>Base</CfgParent>
			<Base>true</Base>
		</PropertyGroup>
		<PropertyGroup Condition="'$(Config)'=='Debug' or '$(Cfg_2)'!=''">
			<Cfg_2>true</Cfg_2>
			<CfgParent>Base</CfgParent>
			<Base>true</Base>
		</PropertyGroup>
		<PropertyGroup Condition="'$(Config)'=='Debug2' or '$(Cfg_3)'!=''">
			<Cfg_3>true</Cfg_3>
			<CfgParent>Base</CfgParent>
			<Base>true</Base>
		</PropertyGroup>
		<PropertyGroup Condition="'$(Base)'!=''">
			<DCC_UnitAlias>WinTypes=Windows;WinProcs=Windows;DbiTypes=BDE;DbiProcs=BDE;DbiErrs=BDE;$(DCC_UnitAlias)</DCC_UnitAlias>
		</PropertyGroup>
		<PropertyGroup Condition="'$(Cfg_1)'!=''">
			<Version>7.0</Version>
			<DCC_DebugInformation>False</DCC_DebugInformation>
			<DCC_LocalDebugSymbols>False</DCC_LocalDebugSymbols>
			<DCC_SymbolReferenceInfo>0</DCC_SymbolReferenceInfo>
			<DCC_ExeOutput>..\..\..\bin</DCC_ExeOutput>
			<DCC_DcuOutput>..\..\..\bin\units</DCC_DcuOutput>
			<DCC_ObjOutput>..\..\..\bin\units</DCC_ObjOutput>
			<DCC_HppOutput>..\..\..\bin\units</DCC_HppOutput>
			<DCC_BplOutput>$(BDSCOMMONDIR)\BPL</DCC_BplOutput>
			<DCC_DcpOutput>$(BDSCOMMONDIR)\DCP</DCC_DcpOutput>
			<DCC_UnitSearchPath>$(BDSCOMMONDIR)\DCP;$(BDSCOMMONDIR)\BPL;$(BDSCOMMONDIR)\BPL\units;$(DCC_UnitSearchPath)</DCC_UnitSearchPath>
			<DCC_ResourcePath>$(BDSCOMMONDIR)\DCP;$(BDSCOMMONDIR)\BPL;$(BDSCOMMONDIR)\BPL\units;$(DCC_ResourcePath)</DCC_ResourcePath>
			<DCC_ObjPath>$(BDSCOMMONDIR)\DCP;$(BDSCOMMONDIR)\BPL;$(BDSCOMMONDIR)\BPL\units;$(DCC_ObjPath)</DCC_ObjPath>
			<DCC_IncludePath>$(BDSCOMMONDIR)\DCP;$(BDSCOMMONDIR)\BPL;$(BDSCOMMONDIR)\BPL\units;$(DCC_IncludePath)</DCC_IncludePath>
			<DCC_Define>DEBUG;RELEASE;$(DCC_Define)</DCC_Define>
		</PropertyGroup>
		<PropertyGroup Condition="'$(Cfg_2)'!=''">
			<Version>7.0</Version>
			<DCC_ExeOutput>..\..\..\bin</DCC_ExeOutput>
			<DCC_DcuOutput>..\..\..\bin\units</DCC_DcuOutput>
			<DCC_ObjOutput>..\..\..\bin\units</DCC_ObjOutput>
			<DCC_HppOutput>..\..\..\bin\units</DCC_HppOutput>
			<DCC_BplOutput>$(BDSCOMMONDIR)\BPL</DCC_BplOutput>
			<DCC_DcpOutput>$(BDSCOMMONDIR)\DCP</DCC_DcpOutput>
			<DCC_UnitSearchPath>$(BDSCOMMONDIR)\DCP;$(BDSCOMMONDIR)\BPL;$(BDSCOMMONDIR)\BPL\units;$(DCC_UnitSearchPath)</DCC_UnitSearchPath>
			<DCC_ResourcePath>$(BDSCOMMONDIR)\DCP;$(BDSCOMMONDIR)\BPL;$(BDSCOMMONDIR)\BPL\units;$(DCC_ResourcePath)</DCC_ResourcePath>
			<DCC_ObjPath>$(BDSCOMMONDIR)\DCP;$(BDSCOMMONDIR)\BPL;$(BDSCOMMONDIR)\BPL\units;$(DCC_ObjPath)</DCC_ObjPath>
			<DCC_IncludePath>$(BDSCOMMONDIR)\DCP;$(BDSCOMMONDIR)\BPL;$(BDSCOMMONDIR)\BPL\units;$(DCC_IncludePath)</DCC_IncludePath>
			<DCC_Define>DEBUG;DEBUG;$(DCC_Define)</DCC_Define>
			<DCC_ConsoleTarget>True</DCC_ConsoleTarget>
			<DCC_ImageBase>10000</DCC_ImageBase>
		</PropertyGroup>
		<PropertyGroup Condition="'$(Cfg_3)'!=''">
			<Version>7.0</Version>
			<DCC_ConsoleTarget>True</DCC_ConsoleTarget>
			<DCC_ImageBase>10000</DCC_ImageBase>
			<DCC_ExeOutput>..\..\..\bin</DCC_ExeOutput>
			<DCC_DcuOutput>..\..\..\bin\units</DCC_DcuOutput>
			<DCC_ObjOutput>..\..\..\bin\units</DCC_ObjOutput>
			<DCC_HppOutput>..\..\..\bin\units</DCC_HppOutput>
			<DCC_BplOutput>$(BDSCOMMONDIR)\BPL</DCC_BplOutput>
			<DCC_DcpOutput>$(BDSCOMMONDIR)\DCP</DCC_DcpOutput>
			<DCC_UnitSearchPath>$(BDS)\lib\Debug;$(BDS)\Lib\Debug\Indy10;$(BDS)\RaveReports\Lib;F:\Install\PROGRA~1\Delphi\JCL-11~1.264\lib\d11\debug;F:\Install\programming\Delphi\JVCL332CompleteNoJCL\jvcl\lib\D11\debug;$(BDSCOMMONDIR)\DCP;$(BDSCOMMONDIR)\BPL;$(BDSCOMMONDIR)\BPL\units;$(DCC_UnitSearchPath)</DCC_UnitSearchPath>
			<DCC_ResourcePath>$(BDS)\lib\Debug;$(BDS)\Lib\Debug\Indy10;$(BDS)\RaveReports\Lib;F:\Install\PROGRA~1\Delphi\JCL-11~1.264\lib\d11\debug;F:\Install\programming\Delphi\JVCL332CompleteNoJCL\jvcl\lib\D11\debug;$(BDSCOMMONDIR)\DCP;$(BDSCOMMONDIR)\BPL;$(BDSCOMMONDIR)\BPL\units;$(DCC_ResourcePath)</DCC_ResourcePath>
			<DCC_ObjPath>$(BDS)\lib\Debug;$(BDS)\Lib\Debug\Indy10;$(BDS)\RaveReports\Lib;F:\Install\PROGRA~1\Delphi\JCL-11~1.264\lib\d11\debug;F:\Install\programming\Delphi\JVCL332CompleteNoJCL\jvcl\lib\D11\debug;$(BDSCOMMONDIR)\DCP;$(BDSCOMMONDIR)\BPL;$(BDSCOMMONDIR)\BPL\units;$(DCC_ObjPath)</DCC_ObjPath>
			<DCC_IncludePath>$(BDS)\lib\Debug;$(BDS)\Lib\Debug\Indy10;$(BDS)\RaveReports\Lib;F:\Install\PROGRA~1\Delphi\JCL-11~1.264\lib\d11\debug;F:\Install\programming\Delphi\JVCL332CompleteNoJCL\jvcl\lib\D11\debug;$(BDSCOMMONDIR)\DCP;$(BDSCOMMONDIR)\BPL;$(BDSCOMMONDIR)\BPL\units;$(DCC_IncludePath)</DCC_IncludePath>
			<DCC_Define>DEBUG;DEBUG;$(DCC_Define)</DCC_Define>
		</PropertyGroup>
		<ProjectExtensions>
			<Borland.Personality>Delphi.Personality.12</Borland.Personality>
			<Borland.ProjectType>VCLApplication</Borland.ProjectType>
			<BorlandProject>
				<Delphi.Personality>
					<Parameters/>
					<VersionInfo>
						<VersionInfo Name="IncludeVerInfo">False</VersionInfo>
						<VersionInfo Name="AutoIncBuild">True</VersionInfo>
						<VersionInfo Name="MajorVer">1</VersionInfo>
						<VersionInfo Name="MinorVer">0</VersionInfo>
						<VersionInfo Name="Release">0</VersionInfo>
						<VersionInfo Name="Build">1</VersionInfo>
						<VersionInfo Name="Debug">False</VersionInfo>
						<VersionInfo Name="PreRelease">False</VersionInfo>
						<VersionInfo Name="Special">False</VersionInfo>
						<VersionInfo Name="Private">False</VersionInfo>
						<VersionInfo Name="DLL">False</VersionInfo>
						<VersionInfo Name="Locale">1031</VersionInfo>
						<VersionInfo Name="CodePage">1252</VersionInfo>
					</VersionInfo>
					<VersionInfoKeys>
						<VersionInfoKeys Name="CompanyName"/>
						<VersionInfoKeys Name="FileDescription">Demo: Aboutex</VersionInfoKeys>
						<VersionInfoKeys Name="FileVersion">1.0.0.1</VersionInfoKeys>
						<VersionInfoKeys Name="InternalName"/>
						<VersionInfoKeys Name="LegalCopyright"/>
						<VersionInfoKeys Name="LegalTrademarks"/>
						<VersionInfoKeys Name="OriginalFilename"/>
						<VersionInfoKeys Name="ProductName"/>
						<VersionInfoKeys Name="ProductVersion">1.0.0.0</VersionInfoKeys>
						<VersionInfoKeys Name="Comments"/>
					</VersionInfoKeys>
					<Excluded_Packages>
						<Excluded_Packages Name="$(BDSBIN)\dclofficexp100.bpl">Microsoft Office XP Beispiele für gekapselte Komponenten für Automation Server</Excluded_Packages>
						<Excluded_Packages Name="$(BDSBIN)\dcloffice2k100.bpl">Microsoft Office 2000 Beispiele für gekapselte Komponenten für Automation Server</Excluded_Packages>
					</Excluded_Packages>
					<Source>
						<Source Name="MainSource">Exwin.dpr</Source>
					</Source>
				</Delphi.Personality>
				<Platforms>
					<Platform value="Win32">True</Platform>
				</Platforms>
			</BorlandProject>
			<ProjectFileVersion>12</ProjectFileVersion>
		</ProjectExtensions>
		<ItemGroup>
			<DelphiCompile Include="Exwin.dpr">
				<MainSource>MainSource</MainSource>
			</DelphiCompile>
			<BuildConfiguration Include="Debug">
				<Key>Cfg_2</Key>
				<CfgParent>Base</CfgParent>
			</BuildConfiguration>
			<BuildConfiguration Include="Debug2">
				<Key>Cfg_3</Key>
				<CfgParent>Base</CfgParent>
			</BuildConfiguration>
			<BuildConfiguration Include="Basis">
				<Key>Base</Key>
			</BuildConfiguration>
			<BuildConfiguration Include="Release">
				<Key>Cfg_1</Key>
				<CfgParent>Base</CfgParent>
			</BuildConfiguration>
		</ItemGroup>
		<Import Condition="Exists('$(BDS)\Bin\CodeGear.Delphi.Targets')" Project="$(BDS)\Bin\CodeGear.Delphi.Targets"/>
		<Import Condition="Exists('$(APPDATA)\Embarcadero\$(BDSAPPDATABASEDIR)\8.0\UserTools.proj')" Project="$(APPDATA)\Embarcadero\$(BDSAPPDATABASEDIR)\8.0\UserTools.proj"/>
	</Project>
